
Microsoft Visual Studio Solution File, Format Version 12.00
# Visual Studio Version 16
VisualStudioVersion = 16.0.31702.278
MinimumVisualStudioVersion = 10.0.40219.1
Project("{FAE04EC0-301F-11D3-BF4B-00C04F79EFBC}") = "Operators exercise 2", "Operators exercise 2.csproj", "{21E2243F-EB16-47EE-8D1A-52DB4AB27A74}"
EndProject
Global
	GlobalSection(SolutionConfigurationPlatforms) = preSolution
		Debug|Any CPU = Debug|Any CPU
		Release|Any CPU = Release|Any CPU
	EndGlobalSection
	GlobalSection(ProjectConfigurationPlatforms) = postSolution
		{21E2243F-EB16-47EE-8D1A-52DB4AB27A74}.Debug|Any CPU.ActiveCfg = Debug|Any CPU
		{21E2243F-EB16-47EE-8D1A-52DB4AB27A74}.Debug|Any CPU.Build.0 = Debug|Any CPU
		{21E2243F-EB16-47EE-8D1A-52DB4AB27A74}.Release|Any CPU.ActiveCfg = Release|Any CPU
		{21E2243F-EB16-47EE-8D1A-52DB4AB27A74}.Release|Any CPU.Build.0 = Release|Any CPU
	EndGlobalSection
	GlobalSection(SolutionProperties) = preSolution
		HideSolutionNode = FALSE
	EndGlobalSection
	GlobalSection(ExtensibilityGlobals) = postSolution
		SolutionGuid = {81BA5445-8FDF-4C04-B726-74C4A14E669F}
	EndGlobalSection
EndGlobal
